// !$*UTF8*$!
{
	archiveVersion = 1;
	classes = {
	};
	objectVersion = 55;
	objects = {

/* Begin PBXBuildFile section */
		CE14F9002784B17300B36980 /* AppetizersApp.swift in Sources */ = {isa = PBXBuildFile; fileRef = CE14F8FF2784B17300B36980 /* AppetizersApp.swift */; };
		CE14F9022784B17300B36980 /* AppetizerTabView.swift in Sources */ = {isa = PBXBuildFile; fileRef = CE14F9012784B17300B36980 /* AppetizerTabView.swift */; };
		CE14F9042784B17300B36980 /* Assets.xcassets in Resources */ = {isa = PBXBuildFile; fileRef = CE14F9032784B17300B36980 /* Assets.xcassets */; };
		CE14F9072784B17300B36980 /* Preview Assets.xcassets in Resources */ = {isa = PBXBuildFile; fileRef = CE14F9062784B17300B36980 /* Preview Assets.xcassets */; };
		CE14F90E2784B20400B36980 /* AppetizerListView.swift in Sources */ = {isa = PBXBuildFile; fileRef = CE14F90D2784B20400B36980 /* AppetizerListView.swift */; };
		CE14F9102784B21400B36980 /* AccountView.swift in Sources */ = {isa = PBXBuildFile; fileRef = CE14F90F2784B21400B36980 /* AccountView.swift */; };
		CE14F9122784B21C00B36980 /* OrderView.swift in Sources */ = {isa = PBXBuildFile; fileRef = CE14F9112784B21C00B36980 /* OrderView.swift */; };
		CE14F9142784BCB500B36980 /* Appetizer.swift in Sources */ = {isa = PBXBuildFile; fileRef = CE14F9132784BCB500B36980 /* Appetizer.swift */; };
		CE1B367C2784C9E200C33BDE /* AppetizerListCell.swift in Sources */ = {isa = PBXBuildFile; fileRef = CE1B367B2784C9E200C33BDE /* AppetizerListCell.swift */; };
		CE1B367E2787456000C33BDE /* NetworkManager.swift in Sources */ = {isa = PBXBuildFile; fileRef = CE1B367D2787456000C33BDE /* NetworkManager.swift */; };
		CE1B36802787472600C33BDE /* APError.swift in Sources */ = {isa = PBXBuildFile; fileRef = CE1B367F2787472600C33BDE /* APError.swift */; };
		CE1B36822787518200C33BDE /* AppetizerListViewModel.swift in Sources */ = {isa = PBXBuildFile; fileRef = CE1B36812787518200C33BDE /* AppetizerListViewModel.swift */; };
		CE1B36842787596C00C33BDE /* Alert.swift in Sources */ = {isa = PBXBuildFile; fileRef = CE1B36832787596C00C33BDE /* Alert.swift */; };
		CE1B368627880BC300C33BDE /* LoadingView.swift in Sources */ = {isa = PBXBuildFile; fileRef = CE1B368527880BC300C33BDE /* LoadingView.swift */; };
		CE1B368827880CF900C33BDE /* Color+Ext.swift in Sources */ = {isa = PBXBuildFile; fileRef = CE1B368727880CF900C33BDE /* Color+Ext.swift */; };
		CE1B368A2788150A00C33BDE /* RemoteImage.swift in Sources */ = {isa = PBXBuildFile; fileRef = CE1B36892788150A00C33BDE /* RemoteImage.swift */; };
		CE1B369927881ED500C33BDE /* AppetizerDetailView.swift in Sources */ = {isa = PBXBuildFile; fileRef = CE1B369827881ED500C33BDE /* AppetizerDetailView.swift */; };
		CE1B369C2788659000C33BDE /* APButton.swift in Sources */ = {isa = PBXBuildFile; fileRef = CE1B369B2788659000C33BDE /* APButton.swift */; };
		CE1B369E278866DD00C33BDE /* XDismissButton.swift in Sources */ = {isa = PBXBuildFile; fileRef = CE1B369D278866DD00C33BDE /* XDismissButton.swift */; };
/* End PBXBuildFile section */

/* Begin PBXFileReference section */
		CE14F8FC2784B17300B36980 /* Appetizers.app */ = {isa = PBXFileReference; explicitFileType = wrapper.application; includeInIndex = 0; path = Appetizers.app; sourceTree = BUILT_PRODUCTS_DIR; };
		CE14F8FF2784B17300B36980 /* AppetizersApp.swift */ = {isa = PBXFileReference; lastKnownFileType = sourcecode.swift; path = AppetizersApp.swift; sourceTree = "<group>"; };
		CE14F9012784B17300B36980 /* AppetizerTabView.swift */ = {isa = PBXFileReference; lastKnownFileType = sourcecode.swift; path = AppetizerTabView.swift; sourceTree = "<group>"; };
		CE14F9032784B17300B36980 /* Assets.xcassets */ = {isa = PBXFileReference; lastKnownFileType = folder.assetcatalog; path = Assets.xcassets; sourceTree = "<group>"; };
		CE14F9062784B17300B36980 /* Preview Assets.xcassets */ = {isa = PBXFileReference; lastKnownFileType = folder.assetcatalog; path = "Preview Assets.xcassets"; sourceTree = "<group>"; };
		CE14F90D2784B20400B36980 /* AppetizerListView.swift */ = {isa = PBXFileReference; lastKnownFileType = sourcecode.swift; path = AppetizerListView.swift; sourceTree = "<group>"; };
		CE14F90F2784B21400B36980 /* AccountView.swift */ = {isa = PBXFileReference; lastKnownFileType = sourcecode.swift; path = AccountView.swift; sourceTree = "<group>"; };
		CE14F9112784B21C00B36980 /* OrderView.swift */ = {isa = PBXFileReference; lastKnownFileType = sourcecode.swift; path = OrderView.swift; sourceTree = "<group>"; };
		CE14F9132784BCB500B36980 /* Appetizer.swift */ = {isa = PBXFileReference; lastKnownFileType = sourcecode.swift; path = Appetizer.swift; sourceTree = "<group>"; };
		CE1B367B2784C9E200C33BDE /* AppetizerListCell.swift */ = {isa = PBXFileReference; lastKnownFileType = sourcecode.swift; path = AppetizerListCell.swift; sourceTree = "<group>"; };
		CE1B367D2787456000C33BDE /* NetworkManager.swift */ = {isa = PBXFileReference; lastKnownFileType = sourcecode.swift; path = NetworkManager.swift; sourceTree = "<group>"; };
		CE1B367F2787472600C33BDE /* APError.swift */ = {isa = PBXFileReference; lastKnownFileType = sourcecode.swift; path = APError.swift; sourceTree = "<group>"; };
		CE1B36812787518200C33BDE /* AppetizerListViewModel.swift */ = {isa = PBXFileReference; lastKnownFileType = sourcecode.swift; path = AppetizerListViewModel.swift; sourceTree = "<group>"; };
		CE1B36832787596C00C33BDE /* Alert.swift */ = {isa = PBXFileReference; lastKnownFileType = sourcecode.swift; path = Alert.swift; sourceTree = "<group>"; };
		CE1B368527880BC300C33BDE /* LoadingView.swift */ = {isa = PBXFileReference; lastKnownFileType = sourcecode.swift; path = LoadingView.swift; sourceTree = "<group>"; };
		CE1B368727880CF900C33BDE /* Color+Ext.swift */ = {isa = PBXFileReference; lastKnownFileType = sourcecode.swift; path = "Color+Ext.swift"; sourceTree = "<group>"; };
		CE1B36892788150A00C33BDE /* RemoteImage.swift */ = {isa = PBXFileReference; lastKnownFileType = sourcecode.swift; path = RemoteImage.swift; sourceTree = "<group>"; };
		CE1B369827881ED500C33BDE /* AppetizerDetailView.swift */ = {isa = PBXFileReference; lastKnownFileType = sourcecode.swift; path = AppetizerDetailView.swift; sourceTree = "<group>"; };
		CE1B369B2788659000C33BDE /* APButton.swift */ = {isa = PBXFileReference; lastKnownFileType = sourcecode.swift; path = APButton.swift; sourceTree = "<group>"; };
		CE1B369D278866DD00C33BDE /* XDismissButton.swift */ = {isa = PBXFileReference; lastKnownFileType = sourcecode.swift; path = XDismissButton.swift; sourceTree = "<group>"; };
/* End PBXFileReference section */

/* Begin PBXFrameworksBuildPhase section */
		CE14F8F92784B17300B36980 /* Frameworks */ = {
			isa = PBXFrameworksBuildPhase;
			buildActionMask = 2147483647;
			files = (
			);
			runOnlyForDeploymentPostprocessing = 0;
		};
/* End PBXFrameworksBuildPhase section */

/* Begin PBXGroup section */
		CE14F8F32784B17300B36980 = {
			isa = PBXGroup;
			children = (
				CE14F8FE2784B17300B36980 /* Appetizers */,
				CE14F8FD2784B17300B36980 /* Products */,
			);
			sourceTree = "<group>";
		};
		CE14F8FD2784B17300B36980 /* Products */ = {
			isa = PBXGroup;
			children = (
				CE14F8FC2784B17300B36980 /* Appetizers.app */,
			);
			name = Products;
			sourceTree = "<group>";
		};
		CE14F8FE2784B17300B36980 /* Appetizers */ = {
			isa = PBXGroup;
			children = (
				CE1B369327881B9500C33BDE /* Model */,
				CE1B368F27881B3400C33BDE /* Utilities */,
				CE1B369427881BBD00C33BDE /* Views */,
				CE1B368B27881AD400C33BDE /* Screens */,
				CE14F8FF2784B17300B36980 /* AppetizersApp.swift */,
				CE14F9032784B17300B36980 /* Assets.xcassets */,
				CE14F9052784B17300B36980 /* Preview Content */,
			);
			path = Appetizers;
			sourceTree = "<group>";
		};
		CE14F9052784B17300B36980 /* Preview Content */ = {
			isa = PBXGroup;
			children = (
				CE14F9062784B17300B36980 /* Preview Assets.xcassets */,
			);
			path = "Preview Content";
			sourceTree = "<group>";
		};
		CE1B368B27881AD400C33BDE /* Screens */ = {
			isa = PBXGroup;
			children = (
				CE14F9012784B17300B36980 /* AppetizerTabView.swift */,
				CE1B368C27881AE100C33BDE /* AppetizerListView */,
				CE1B368D27881AEB00C33BDE /* AccountView */,
				CE1B368E27881AF800C33BDE /* OrderView */,
			);
			path = Screens;
			sourceTree = "<group>";
		};
		CE1B368C27881AE100C33BDE /* AppetizerListView */ = {
			isa = PBXGroup;
			children = (
				CE1B36812787518200C33BDE /* AppetizerListViewModel.swift */,
				CE14F90D2784B20400B36980 /* AppetizerListView.swift */,
				CE1B369827881ED500C33BDE /* AppetizerDetailView.swift */,
			);
			path = AppetizerListView;
			sourceTree = "<group>";
		};
		CE1B368D27881AEB00C33BDE /* AccountView */ = {
			isa = PBXGroup;
			children = (
				CE14F90F2784B21400B36980 /* AccountView.swift */,
			);
			path = AccountView;
			sourceTree = "<group>";
		};
		CE1B368E27881AF800C33BDE /* OrderView */ = {
			isa = PBXGroup;
			children = (
				CE14F9112784B21C00B36980 /* OrderView.swift */,
			);
			path = OrderView;
			sourceTree = "<group>";
		};
		CE1B368F27881B3400C33BDE /* Utilities */ = {
			isa = PBXGroup;
			children = (
				CE1B369227881B6900C33BDE /* Alerts */,
				CE1B369127881B4C00C33BDE /* Extensions */,
				CE1B369027881B4100C33BDE /* Managers */,
			);
			path = Utilities;
			sourceTree = "<group>";
		};
		CE1B369027881B4100C33BDE /* Managers */ = {
			isa = PBXGroup;
			children = (
				CE1B367D2787456000C33BDE /* NetworkManager.swift */,
			);
			path = Managers;
			sourceTree = "<group>";
		};
		CE1B369127881B4C00C33BDE /* Extensions */ = {
			isa = PBXGroup;
			children = (
				CE1B368727880CF900C33BDE /* Color+Ext.swift */,
			);
			path = Extensions;
			sourceTree = "<group>";
		};
		CE1B369227881B6900C33BDE /* Alerts */ = {
			isa = PBXGroup;
			children = (
				CE1B36832787596C00C33BDE /* Alert.swift */,
				CE1B367F2787472600C33BDE /* APError.swift */,
			);
			path = Alerts;
			sourceTree = "<group>";
		};
		CE1B369327881B9500C33BDE /* Model */ = {
			isa = PBXGroup;
			children = (
				CE14F9132784BCB500B36980 /* Appetizer.swift */,
			);
			path = Model;
			sourceTree = "<group>";
		};
		CE1B369427881BBD00C33BDE /* Views */ = {
			isa = PBXGroup;
			children = (
				CE1B369A2788657800C33BDE /* Buttons */,
				CE1B369727881BFD00C33BDE /* Image */,
				CE1B369627881BD000C33BDE /* Cells */,
				CE1B369527881BC600C33BDE /* UIKit Components */,
			);
			path = Views;
			sourceTree = "<group>";
		};
		CE1B369527881BC600C33BDE /* UIKit Components */ = {
			isa = PBXGroup;
			children = (
				CE1B368527880BC300C33BDE /* LoadingView.swift */,
			);
			path = "UIKit Components";
			sourceTree = "<group>";
		};
		CE1B369627881BD000C33BDE /* Cells */ = {
			isa = PBXGroup;
			children = (
				CE1B367B2784C9E200C33BDE /* AppetizerListCell.swift */,
			);
			path = Cells;
			sourceTree = "<group>";
		};
		CE1B369727881BFD00C33BDE /* Image */ = {
			isa = PBXGroup;
			children = (
				CE1B36892788150A00C33BDE /* RemoteImage.swift */,
			);
			path = Image;
			sourceTree = "<group>";
		};
		CE1B369A2788657800C33BDE /* Buttons */ = {
			isa = PBXGroup;
			children = (
				CE1B369B2788659000C33BDE /* APButton.swift */,
				CE1B369D278866DD00C33BDE /* XDismissButton.swift */,
			);
			path = Buttons;
			sourceTree = "<group>";
		};
/* End PBXGroup section */

/* Begin PBXNativeTarget section */
		CE14F8FB2784B17300B36980 /* Appetizers */ = {
			isa = PBXNativeTarget;
			buildConfigurationList = CE14F90A2784B17300B36980 /* Build configuration list for PBXNativeTarget "Appetizers" */;
			buildPhases = (
				CE14F8F82784B17300B36980 /* Sources */,
				CE14F8F92784B17300B36980 /* Frameworks */,
				CE14F8FA2784B17300B36980 /* Resources */,
			);
			buildRules = (
			);
			dependencies = (
			);
			name = Appetizers;
			productName = Appetizers;
			productReference = CE14F8FC2784B17300B36980 /* Appetizers.app */;
			productType = "com.apple.product-type.application";
		};
/* End PBXNativeTarget section */

/* Begin PBXProject section */
		CE14F8F42784B17300B36980 /* Project object */ = {
			isa = PBXProject;
			attributes = {
				BuildIndependentTargetsInParallel = 1;
				LastSwiftUpdateCheck = 1320;
				LastUpgradeCheck = 1320;
				TargetAttributes = {
					CE14F8FB2784B17300B36980 = {
						CreatedOnToolsVersion = 13.2.1;
					};
				};
			};
			buildConfigurationList = CE14F8F72784B17300B36980 /* Build configuration list for PBXProject "Appetizers" */;
			compatibilityVersion = "Xcode 13.0";
			developmentRegion = en;
			hasScannedForEncodings = 0;
			knownRegions = (
				en,
				Base,
			);
			mainGroup = CE14F8F32784B17300B36980;
			productRefGroup = CE14F8FD2784B17300B36980 /* Products */;
			projectDirPath = "";
			projectRoot = "";
			targets = (
				CE14F8FB2784B17300B36980 /* Appetizers */,
			);
		};
/* End PBXProject section */

/* Begin PBXResourcesBuildPhase section */
		CE14F8FA2784B17300B36980 /* Resources */ = {
			isa = PBXResourcesBuildPhase;
			buildActionMask = 2147483647;
			files = (
				CE14F9072784B17300B36980 /* Preview Assets.xcassets in Resources */,
				CE14F9042784B17300B36980 /* Assets.xcassets in Resources */,
			);
			runOnlyForDeploymentPostprocessing = 0;
		};
/* End PBXResourcesBuildPhase section */

/* Begin PBXSourcesBuildPhase section */
		CE14F8F82784B17300B36980 /* Sources */ = {
			isa = PBXSourcesBuildPhase;
			buildActionMask = 2147483647;
			files = (
				CE14F9142784BCB500B36980 /* Appetizer.swift in Sources */,
				CE1B36802787472600C33BDE /* APError.swift in Sources */,
				CE1B369E278866DD00C33BDE /* XDismissButton.swift in Sources */,
				CE1B367C2784C9E200C33BDE /* AppetizerListCell.swift in Sources */,
				CE1B36822787518200C33BDE /* AppetizerListViewModel.swift in Sources */,
				CE1B368827880CF900C33BDE /* Color+Ext.swift in Sources */,
				CE14F9102784B21400B36980 /* AccountView.swift in Sources */,
				CE1B369C2788659000C33BDE /* APButton.swift in Sources */,
				CE1B368627880BC300C33BDE /* LoadingView.swift in Sources */,
				CE14F9022784B17300B36980 /* AppetizerTabView.swift in Sources */,
				CE1B367E2787456000C33BDE /* NetworkManager.swift in Sources */,
				CE1B368A2788150A00C33BDE /* RemoteImage.swift in Sources */,
				CE1B369927881ED500C33BDE /* AppetizerDetailView.swift in Sources */,
				CE14F9002784B17300B36980 /* AppetizersApp.swift in Sources */,
				CE1B36842787596C00C33BDE /* Alert.swift in Sources */,
				CE14F90E2784B20400B36980 /* AppetizerListView.swift in Sources */,
				CE14F9122784B21C00B36980 /* OrderView.swift in Sources */,
			);
			runOnlyForDeploymentPostprocessing = 0;
		};
/* End PBXSourcesBuildPhase section */

/* Begin XCBuildConfiguration section */
		CE14F9082784B17300B36980 /* Debug */ = {
			isa = XCBuildConfiguration;
			buildSettings = {
				ALWAYS_SEARCH_USER_PATHS = NO;
				CLANG_ANALYZER_NONNULL = YES;
				CLANG_ANALYZER_NUMBER_OBJECT_CONVERSION = YES_AGGRESSIVE;
				CLANG_CXX_LANGUAGE_STANDARD = "gnu++17";
				CLANG_CXX_LIBRARY = "libc++";
				CLANG_ENABLE_MODULES = YES;
				CLANG_ENABLE_OBJC_ARC = YES;
				CLANG_ENABLE_OBJC_WEAK = YES;
				CLANG_WARN_BLOCK_CAPTURE_AUTORELEASING = YES;
				CLANG_WARN_BOOL_CONVERSION = YES;
				CLANG_WARN_COMMA = YES;
				CLANG_WARN_CONSTANT_CONVERSION = YES;
				CLANG_WARN_DEPRECATED_OBJC_IMPLEMENTATIONS = YES;
				CLANG_WARN_DIRECT_OBJC_ISA_USAGE = YES_ERROR;
				CLANG_WARN_DOCUMENTATION_COMMENTS = YES;
				CLANG_WARN_EMPTY_BODY = YES;
				CLANG_WARN_ENUM_CONVERSION = YES;
				CLANG_WARN_INFINITE_RECURSION = YES;
				CLANG_WARN_INT_CONVERSION = YES;
				CLANG_WARN_NON_LITERAL_NULL_CONVERSION = YES;
				CLANG_WARN_OBJC_IMPLICIT_RETAIN_SELF = YES;
				CLANG_WARN_OBJC_LITERAL_CONVERSION = YES;
				CLANG_WARN_OBJC_ROOT_CLASS = YES_ERROR;
				CLANG_WARN_QUOTED_INCLUDE_IN_FRAMEWORK_HEADER = YES;
				CLANG_WARN_RANGE_LOOP_ANALYSIS = YES;
				CLANG_WARN_STRICT_PROTOTYPES = YES;
				CLANG_WARN_SUSPICIOUS_MOVE = YES;
				CLANG_WARN_UNGUARDED_AVAILABILITY = YES_AGGRESSIVE;
				CLANG_WARN_UNREACHABLE_CODE = YES;
				CLANG_WARN__DUPLICATE_METHOD_MATCH = YES;
				COPY_PHASE_STRIP = NO;
				DEBUG_INFORMATION_FORMAT = dwarf;
				ENABLE_STRICT_OBJC_MSGSEND = YES;
				ENABLE_TESTABILITY = YES;
				GCC_C_LANGUAGE_STANDARD = gnu11;
				GCC_DYNAMIC_NO_PIC = NO;
				GCC_NO_COMMON_BLOCKS = YES;
				GCC_OPTIMIZATION_LEVEL = 0;
				GCC_PREPROCESSOR_DEFINITIONS = (
					"DEBUG=1",
					"$(inherited)",
				);
				GCC_WARN_64_TO_32_BIT_CONVERSION = YES;
				GCC_WARN_ABOUT_RETURN_TYPE = YES_ERROR;
				GCC_WARN_UNDECLARED_SELECTOR = YES;
				GCC_WARN_UNINITIALIZED_AUTOS = YES_AGGRESSIVE;
				GCC_WARN_UNUSED_FUNCTION = YES;
				GCC_WARN_UNUSED_VARIABLE = YES;
				IPHONEOS_DEPLOYMENT_TARGET = 15.2;
				MTL_ENABLE_DEBUG_INFO = INCLUDE_SOURCE;
				MTL_FAST_MATH = YES;
				ONLY_ACTIVE_ARCH = YES;
				SDKROOT = iphoneos;
				SWIFT_ACTIVE_COMPILATION_CONDITIONS = DEBUG;
				SWIFT_OPTIMIZATION_LEVEL = "-Onone";
			};
			name = Debug;
		};
		CE14F9092784B17300B36980 /* Release */ = {
			isa = XCBuildConfiguration;
			buildSettings = {
				ALWAYS_SEARCH_USER_PATHS = NO;
				CLANG_ANALYZER_NONNULL = YES;
				CLANG_ANALYZER_NUMBER_OBJECT_CONVERSION = YES_AGGRESSIVE;
				CLANG_CXX_LANGUAGE_STANDARD = "gnu++17";
				CLANG_CXX_LIBRARY = "libc++";
				CLANG_ENABLE_MODULES = YES;
				CLANG_ENABLE_OBJC_ARC = YES;
				CLANG_ENABLE_OBJC_WEAK = YES;
				CLANG_WARN_BLOCK_CAPTURE_AUTORELEASING = YES;
				CLANG_WARN_BOOL_CONVERSION = YES;
				CLANG_WARN_COMMA = YES;
				CLANG_WARN_CONSTANT_CONVERSION = YES;
				CLANG_WARN_DEPRECATED_OBJC_IMPLEMENTATIONS = YES;
				CLANG_WARN_DIRECT_OBJC_ISA_USAGE = YES_ERROR;
				CLANG_WARN_DOCUMENTATION_COMMENTS = YES;
				CLANG_WARN_EMPTY_BODY = YES;
				CLANG_WARN_ENUM_CONVERSION = YES;
				CLANG_WARN_INFINITE_RECURSION = YES;
				CLANG_WARN_INT_CONVERSION = YES;
				CLANG_WARN_NON_LITERAL_NULL_CONVERSION = YES;
				CLANG_WARN_OBJC_IMPLICIT_RETAIN_SELF = YES;
				CLANG_WARN_OBJC_LITERAL_CONVERSION = YES;
				CLANG_WARN_OBJC_ROOT_CLASS = YES_ERROR;
				CLANG_WARN_QUOTED_INCLUDE_IN_FRAMEWORK_HEADER = YES;
				CLANG_WARN_RANGE_LOOP_ANALYSIS = YES;
				CLANG_WARN_STRICT_PROTOTYPES = YES;
				CLANG_WARN_SUSPICIOUS_MOVE = YES;
				CLANG_WARN_UNGUARDED_AVAILABILITY = YES_AGGRESSIVE;
				CLANG_WARN_UNREACHABLE_CODE = YES;
				CLANG_WARN__DUPLICATE_METHOD_MATCH = YES;
				COPY_PHASE_STRIP = NO;
				DEBUG_INFORMATION_FORMAT = "dwarf-with-dsym";
				ENABLE_NS_ASSERTIONS = NO;
				ENABLE_STRICT_OBJC_MSGSEND = YES;
				GCC_C_LANGUAGE_STANDARD = gnu11;
				GCC_NO_COMMON_BLOCKS = YES;
				GCC_WARN_64_TO_32_BIT_CONVERSION = YES;
				GCC_WARN_ABOUT_RETURN_TYPE = YES_ERROR;
				GCC_WARN_UNDECLARED_SELECTOR = YES;
				GCC_WARN_UNINITIALIZED_AUTOS = YES_AGGRESSIVE;
				GCC_WARN_UNUSED_FUNCTION = YES;
				GCC_WARN_UNUSED_VARIABLE = YES;
				IPHONEOS_DEPLOYMENT_TARGET = 15.2;
				MTL_ENABLE_DEBUG_INFO = NO;
				MTL_FAST_MATH = YES;
				SDKROOT = iphoneos;
				SWIFT_COMPILATION_MODE = wholemodule;
				SWIFT_OPTIMIZATION_LEVEL = "-O";
				VALIDATE_PRODUCT = YES;
			};
			name = Release;
		};
		CE14F90B2784B17300B36980 /* Debug */ = {
			isa = XCBuildConfiguration;
			buildSettings = {
				ASSETCATALOG_COMPILER_APPICON_NAME = AppIcon;
				ASSETCATALOG_COMPILER_GLOBAL_ACCENT_COLOR_NAME = AccentColor;
				CODE_SIGN_STYLE = Automatic;
				CURRENT_PROJECT_VERSION = 1;
				DEVELOPMENT_ASSET_PATHS = "\"Appetizers/Preview Content\"";
				DEVELOPMENT_TEAM = TC9798L759;
				ENABLE_PREVIEWS = YES;
				GENERATE_INFOPLIST_FILE = YES;
				INFOPLIST_KEY_UIApplicationSceneManifest_Generation = YES;
				INFOPLIST_KEY_UIApplicationSupportsIndirectInputEvents = YES;
				INFOPLIST_KEY_UILaunchScreen_Generation = YES;
				INFOPLIST_KEY_UISupportedInterfaceOrientations_iPad = "UIInterfaceOrientationPortrait UIInterfaceOrientationPortraitUpsideDown UIInterfaceOrientationLandscapeLeft UIInterfaceOrientationLandscapeRight";
				INFOPLIST_KEY_UISupportedInterfaceOrientations_iPhone = "UIInterfaceOrientationPortrait UIInterfaceOrientationLandscapeLeft UIInterfaceOrientationLandscapeRight";
				LD_RUNPATH_SEARCH_PATHS = (
					"$(inherited)",
					"@executable_path/Frameworks",
				);
				MARKETING_VERSION = 1.0;
				PRODUCT_BUNDLE_IDENTIFIER = com.yuriershov.Appetizers;
				PRODUCT_NAME = "$(TARGET_NAME)";
				SWIFT_EMIT_LOC_STRINGS = YES;
				SWIFT_VERSION = 5.0;
				TARGETED_DEVICE_FAMILY = "1,2";
			};
			name = Debug;
		};
		CE14F90C2784B17300B36980 /* Release */ = {
			isa = XCBuildConfiguration;
			buildSettings = {
				ASSETCATALOG_COMPILER_APPICON_NAME = AppIcon;
				ASSETCATALOG_COMPILER_GLOBAL_ACCENT_COLOR_NAME = AccentColor;
				CODE_SIGN_STYLE = Automatic;
				CURRENT_PROJECT_VERSION = 1;
				DEVELOPMENT_ASSET_PATHS = "\"Appetizers/Preview Content\"";
				DEVELOPMENT_TEAM = TC9798L759;
				ENABLE_PREVIEWS = YES;
				GENERATE_INFOPLIST_FILE = YES;
				INFOPLIST_KEY_UIApplicationSceneManifest_Generation = YES;
				INFOPLIST_KEY_UIApplicationSupportsIndirectInputEvents = YES;
				INFOPLIST_KEY_UILaunchScreen_Generation = YES;
				INFOPLIST_KEY_UISupportedInterfaceOrientations_iPad = "UIInterfaceOrientationPortrait UIInterfaceOrientationPortraitUpsideDown UIInterfaceOrientationLandscapeLeft UIInterfaceOrientationLandscapeRight";
				INFOPLIST_KEY_UISupportedInterfaceOrientations_iPhone = "UIInterfaceOrientationPortrait UIInterfaceOrientationLandscapeLeft UIInterfaceOrientationLandscapeRight";
				LD_RUNPATH_SEARCH_PATHS = (
					"$(inherited)",
					"@executable_path/Frameworks",
				);
				MARKETING_VERSION = 1.0;
				PRODUCT_BUNDLE_IDENTIFIER = com.yuriershov.Appetizers;
				PRODUCT_NAME = "$(TARGET_NAME)";
				SWIFT_EMIT_LOC_STRINGS = YES;
				SWIFT_VERSION = 5.0;
				TARGETED_DEVICE_FAMILY = "1,2";
			};
			name = Release;
		};
/* End XCBuildConfiguration section */

/* Begin XCConfigurationList section */
		CE14F8F72784B17300B36980 /* Build configuration list for PBXProject "Appetizers" */ = {
			isa = XCConfigurationList;
			buildConfigurations = (
				CE14F9082784B17300B36980 /* Debug */,
				CE14F9092784B17300B36980 /* Release */,
			);
			defaultConfigurationIsVisible = 0;
			defaultConfigurationName = Release;
		};
		CE14F90A2784B17300B36980 /* Build configuration list for PBXNativeTarget "Appetizers" */ = {
			isa = XCConfigurationList;
			buildConfigurations = (
				CE14F90B2784B17300B36980 /* Debug */,
				CE14F90C2784B17300B36980 /* Release */,
			);
			defaultConfigurationIsVisible = 0;
			defaultConfigurationName = Release;
		};
/* End XCConfigurationList section */
	};
	rootObject = CE14F8F42784B17300B36980 /* Project object */;
}
